
Microsoft Visual Studio Solution File, Format Version 12.00
# Visual Studio 15
VisualStudioVersion = 15.0.26403.7
MinimumVisualStudioVersion = 10.0.40219.1
Project("{FAE04EC0-301F-11D3-BF4B-00C04F79EFBC}") = "Cyanometer.Manager", "Cyanometer.Manager\Cyanometer.Manager.csproj", "{7CCF6F64-21DC-4793-842A-A9FC642687A8}"
EndProject
Project("{FAE04EC0-301F-11D3-BF4B-00C04F79EFBC}") = "Cyanometer.Core", "Cyanometer.Core\Cyanometer.Core.csproj", "{FF00DB63-A7ED-47C8-8BC6-5BCDE5E41CCB}"
EndProject
Project("{2150E333-8FDC-42A3-9474-1A3956D46DE8}") = "Other", "Other", "{20576742-B745-49B3-8332-EC2A18683574}"
	ProjectSection(SolutionItems) = preProject
		Data\applicationSettings.test.config = Data\applicationSettings.test.config
		..\..\README.md = ..\..\README.md
		Data\daylight.test.xml = Data\daylight.test.xml
		Data\daylight.si.xml = Data\daylight.si.xml
	EndProjectSection
EndProject
Project("{FAE04EC0-301F-11D3-BF4B-00C04F79EFBC}") = "Cyanometer.Imagging", "Cyanometer.Imagging\Cyanometer.Imagging.csproj", "{F2C3C9D7-1F87-47EB-B008-849FFF792BDE}"
EndProject
Project("{FAE04EC0-301F-11D3-BF4B-00C04F79EFBC}") = "Cyanometer.SkyCalculator", "Cyanometer.SkyCalculator\Cyanometer.SkyCalculator.csproj", "{B30E7826-8F62-4186-98BC-8CF5ED6F38C1}"
EndProject
Project("{2150E333-8FDC-42A3-9474-1A3956D46DE8}") = "Test", "Test", "{27177CF7-1E15-4922-9FBB-B5391E3D1961}"
EndProject
Project("{FAE04EC0-301F-11D3-BF4B-00C04F79EFBC}") = "Cyanometer.SkyCalculator.Test", "Test\Cyanometer.SkyCalculator.Test\Cyanometer.SkyCalculator.Test.csproj", "{3E799852-E27E-4112-BA94-85AF55BC419E}"
EndProject
Project("{FAE04EC0-301F-11D3-BF4B-00C04F79EFBC}") = "Cyanometer.AirQuality", "Cyanometer.AirQuality\Cyanometer.AirQuality.csproj", "{66FEFC95-3793-4738-907D-860D0F87AC26}"
EndProject
Project("{9A19103F-16F7-4668-BE54-9A1E7A4F7556}") = "Exceptionless", "Exceptionless\src\Exceptionless\Exceptionless.csproj", "{DEA761D6-46B1-497F-B8EC-914847E49917}"
EndProject
Global
	GlobalSection(SolutionConfigurationPlatforms) = preSolution
		Debug|Any CPU = Debug|Any CPU
		Release|Any CPU = Release|Any CPU
	EndGlobalSection
	GlobalSection(ProjectConfigurationPlatforms) = postSolution
		{7CCF6F64-21DC-4793-842A-A9FC642687A8}.Debug|Any CPU.ActiveCfg = Debug|Any CPU
		{7CCF6F64-21DC-4793-842A-A9FC642687A8}.Debug|Any CPU.Build.0 = Debug|Any CPU
		{7CCF6F64-21DC-4793-842A-A9FC642687A8}.Release|Any CPU.ActiveCfg = Release|Any CPU
		{7CCF6F64-21DC-4793-842A-A9FC642687A8}.Release|Any CPU.Build.0 = Release|Any CPU
		{FF00DB63-A7ED-47C8-8BC6-5BCDE5E41CCB}.Debug|Any CPU.ActiveCfg = Debug|Any CPU
		{FF00DB63-A7ED-47C8-8BC6-5BCDE5E41CCB}.Debug|Any CPU.Build.0 = Debug|Any CPU
		{FF00DB63-A7ED-47C8-8BC6-5BCDE5E41CCB}.Release|Any CPU.ActiveCfg = Release|Any CPU
		{FF00DB63-A7ED-47C8-8BC6-5BCDE5E41CCB}.Release|Any CPU.Build.0 = Release|Any CPU
		{F2C3C9D7-1F87-47EB-B008-849FFF792BDE}.Debug|Any CPU.ActiveCfg = Debug|Any CPU
		{F2C3C9D7-1F87-47EB-B008-849FFF792BDE}.Debug|Any CPU.Build.0 = Debug|Any CPU
		{F2C3C9D7-1F87-47EB-B008-849FFF792BDE}.Release|Any CPU.ActiveCfg = Release|Any CPU
		{F2C3C9D7-1F87-47EB-B008-849FFF792BDE}.Release|Any CPU.Build.0 = Release|Any CPU
		{B30E7826-8F62-4186-98BC-8CF5ED6F38C1}.Debug|Any CPU.ActiveCfg = Debug|Any CPU
		{B30E7826-8F62-4186-98BC-8CF5ED6F38C1}.Debug|Any CPU.Build.0 = Debug|Any CPU
		{B30E7826-8F62-4186-98BC-8CF5ED6F38C1}.Release|Any CPU.ActiveCfg = Release|Any CPU
		{B30E7826-8F62-4186-98BC-8CF5ED6F38C1}.Release|Any CPU.Build.0 = Release|Any CPU
		{3E799852-E27E-4112-BA94-85AF55BC419E}.Debug|Any CPU.ActiveCfg = Debug|Any CPU
		{3E799852-E27E-4112-BA94-85AF55BC419E}.Release|Any CPU.ActiveCfg = Release|Any CPU
		{3E799852-E27E-4112-BA94-85AF55BC419E}.Release|Any CPU.Build.0 = Release|Any CPU
		{66FEFC95-3793-4738-907D-860D0F87AC26}.Debug|Any CPU.ActiveCfg = Debug|Any CPU
		{66FEFC95-3793-4738-907D-860D0F87AC26}.Debug|Any CPU.Build.0 = Debug|Any CPU
		{66FEFC95-3793-4738-907D-860D0F87AC26}.Release|Any CPU.ActiveCfg = Release|Any CPU
		{66FEFC95-3793-4738-907D-860D0F87AC26}.Release|Any CPU.Build.0 = Release|Any CPU
		{DEA761D6-46B1-497F-B8EC-914847E49917}.Debug|Any CPU.ActiveCfg = Debug|Any CPU
		{DEA761D6-46B1-497F-B8EC-914847E49917}.Debug|Any CPU.Build.0 = Debug|Any CPU
		{DEA761D6-46B1-497F-B8EC-914847E49917}.Release|Any CPU.ActiveCfg = Release|Any CPU
		{DEA761D6-46B1-497F-B8EC-914847E49917}.Release|Any CPU.Build.0 = Release|Any CPU
	EndGlobalSection
	GlobalSection(SolutionProperties) = preSolution
		HideSolutionNode = FALSE
	EndGlobalSection
	GlobalSection(NestedProjects) = preSolution
		{3E799852-E27E-4112-BA94-85AF55BC419E} = {27177CF7-1E15-4922-9FBB-B5391E3D1961}
	EndGlobalSection
EndGlobal
