
Microsoft Visual Studio Solution File, Format Version 12.00
# Visual Studio Version 16
VisualStudioVersion = 16.0.29806.167
MinimumVisualStudioVersion = 10.0.40219.1
Project("{2150E333-8FDC-42A3-9474-1A3956D46DE8}") = "Other", "Other", "{20576742-B745-49B3-8332-EC2A18683574}"
	ProjectSection(SolutionItems) = preProject
		Data\applicationSettings.test.config = Data\applicationSettings.test.config
		Data\daylight.si.xml = Data\daylight.si.xml
		Data\daylight.test.xml = Data\daylight.test.xml
		..\..\README.md = ..\..\README.md
	EndProjectSection
EndProject
Project("{2150E333-8FDC-42A3-9474-1A3956D46DE8}") = "Test", "Test", "{27177CF7-1E15-4922-9FBB-B5391E3D1961}"
EndProject
Project("{2150E333-8FDC-42A3-9474-1A3956D46DE8}") = "Raspberry", "Raspberry", "{0DA26FEB-C57C-4AD8-BB3D-854510E2BACC}"
EndProject
Project("{FAE04EC0-301F-11D3-BF4B-00C04F79EFBC}") = "Cyanometer.Core", "Cyanometer.Core\Cyanometer.Core.csproj", "{EA528B5D-D801-46D1-8A06-0CE88542F70C}"
EndProject
Project("{FAE04EC0-301F-11D3-BF4B-00C04F79EFBC}") = "Cyanometer.Manager", "Cyanometer.Manager\Cyanometer.Manager.csproj", "{69D1BE5E-A6E7-4E40-AE22-2EF9D3240527}"
EndProject
Project("{FAE04EC0-301F-11D3-BF4B-00C04F79EFBC}") = "Cyanometer.Imagging", "Cyanometer.Imagging\Cyanometer.Imagging.csproj", "{AFE4D293-581D-41A1-A023-F9AE3D03D62D}"
EndProject
Global
	GlobalSection(SolutionConfigurationPlatforms) = preSolution
		Debug|Any CPU = Debug|Any CPU
		Release|Any CPU = Release|Any CPU
	EndGlobalSection
	GlobalSection(ProjectConfigurationPlatforms) = postSolution
		{EA528B5D-D801-46D1-8A06-0CE88542F70C}.Debug|Any CPU.ActiveCfg = Debug|Any CPU
		{EA528B5D-D801-46D1-8A06-0CE88542F70C}.Debug|Any CPU.Build.0 = Debug|Any CPU
		{EA528B5D-D801-46D1-8A06-0CE88542F70C}.Release|Any CPU.ActiveCfg = Release|Any CPU
		{EA528B5D-D801-46D1-8A06-0CE88542F70C}.Release|Any CPU.Build.0 = Release|Any CPU
		{69D1BE5E-A6E7-4E40-AE22-2EF9D3240527}.Debug|Any CPU.ActiveCfg = Debug|Any CPU
		{69D1BE5E-A6E7-4E40-AE22-2EF9D3240527}.Debug|Any CPU.Build.0 = Debug|Any CPU
		{69D1BE5E-A6E7-4E40-AE22-2EF9D3240527}.Release|Any CPU.ActiveCfg = Release|Any CPU
		{69D1BE5E-A6E7-4E40-AE22-2EF9D3240527}.Release|Any CPU.Build.0 = Release|Any CPU
		{AFE4D293-581D-41A1-A023-F9AE3D03D62D}.Debug|Any CPU.ActiveCfg = Debug|Any CPU
		{AFE4D293-581D-41A1-A023-F9AE3D03D62D}.Debug|Any CPU.Build.0 = Debug|Any CPU
		{AFE4D293-581D-41A1-A023-F9AE3D03D62D}.Release|Any CPU.ActiveCfg = Release|Any CPU
		{AFE4D293-581D-41A1-A023-F9AE3D03D62D}.Release|Any CPU.Build.0 = Release|Any CPU
	EndGlobalSection
	GlobalSection(SolutionProperties) = preSolution
		HideSolutionNode = FALSE
	EndGlobalSection
	GlobalSection(ExtensibilityGlobals) = postSolution
		SolutionGuid = {50691674-D740-4884-9432-D53D2904E715}
	EndGlobalSection
EndGlobal
